
Microsoft Visual Studio Solution File, Format Version 11.00
# Visual Studio 2010
Project("{FAE04EC0-301F-11D3-BF4B-00C04F79EFBC}") = "Domain", "Domain\Domain.csproj", "{4A486DE4-3D88-4965-9E41-1B97B22463AC}"
EndProject
Project("{FAE04EC0-301F-11D3-BF4B-00C04F79EFBC}") = "Tests", "Tests\Tests.csproj", "{D22620D4-1553-4A20-8558-564A13B1499B}"
EndProject
Project("{FAE04EC0-301F-11D3-BF4B-00C04F79EFBC}") = "WebUI", "WebUI\WebUI.csproj", "{E9C3322F-CE44-43D2-B6FB-7FC6C132A0F3}"
EndProject
Project("{2150E333-8FDC-42A3-9474-1A3956D46DE8}") = ".nuget", ".nuget", "{420C70B8-3799-4AFC-A290-C3B3A9026302}"
	ProjectSection(SolutionItems) = preProject
		.nuget\NuGet.Config = .nuget\NuGet.Config
		.nuget\NuGet.exe = .nuget\NuGet.exe
		.nuget\NuGet.targets = .nuget\NuGet.targets
	EndProjectSection
EndProject
Project("{2150E333-8FDC-42A3-9474-1A3956D46DE8}") = "Unit Tests", "Unit Tests", "{D1A7CFCA-3B50-47F2-8919-AF62081D9E07}"
EndProject
Project("{2150E333-8FDC-42A3-9474-1A3956D46DE8}") = "CodeBase", "CodeBase", "{BA3D33A9-D040-42DF-A62D-C213CB6BE6F6}"
EndProject
Project("{FAE04EC0-301F-11D3-BF4B-00C04F79EFBC}") = "Infrastructure", "Infrastructure\Infrastructure.csproj", "{68503348-1A2F-4FA1-8B8F-12319DC2799E}"
EndProject
Project("{FAE04EC0-301F-11D3-BF4B-00C04F79EFBC}") = "Primitives", "Primitives\Primitives.csproj", "{D2EFA0ED-7571-4164-93C0-E39806B5DDB4}"
EndProject
Project("{FAE04EC0-301F-11D3-BF4B-00C04F79EFBC}") = "Commands", "Commands\Commands.csproj", "{9937BAA8-641C-4509-B593-202866C4269A}"
EndProject
Project("{2150E333-8FDC-42A3-9474-1A3956D46DE8}") = "NCqrs", "NCqrs", "{7F9A501E-22BD-455F-B5EA-5BB7957D817C}"
EndProject
Project("{FAE04EC0-301F-11D3-BF4B-00C04F79EFBC}") = "Ncqrs.CommandService.Contracts", "Ncqrs.CommandService.Contracts\Ncqrs.CommandService.Contracts.csproj", "{76062319-4F5D-4055-9D1A-5680DD2DA882}"
EndProject
Project("{FAE04EC0-301F-11D3-BF4B-00C04F79EFBC}") = "Ncqrs.CommandService", "Ncqrs.CommandService\Ncqrs.CommandService.csproj", "{9CBAEAFE-9265-47BA-82C5-5E0774CBF2C5}"
EndProject
Global
	GlobalSection(SolutionConfigurationPlatforms) = preSolution
		Debug|Any CPU = Debug|Any CPU
		Release|Any CPU = Release|Any CPU
	EndGlobalSection
	GlobalSection(ProjectConfigurationPlatforms) = postSolution
		{4A486DE4-3D88-4965-9E41-1B97B22463AC}.Debug|Any CPU.ActiveCfg = Debug|Any CPU
		{4A486DE4-3D88-4965-9E41-1B97B22463AC}.Debug|Any CPU.Build.0 = Debug|Any CPU
		{4A486DE4-3D88-4965-9E41-1B97B22463AC}.Release|Any CPU.ActiveCfg = Release|Any CPU
		{4A486DE4-3D88-4965-9E41-1B97B22463AC}.Release|Any CPU.Build.0 = Release|Any CPU
		{D22620D4-1553-4A20-8558-564A13B1499B}.Debug|Any CPU.ActiveCfg = Debug|Any CPU
		{D22620D4-1553-4A20-8558-564A13B1499B}.Debug|Any CPU.Build.0 = Debug|Any CPU
		{D22620D4-1553-4A20-8558-564A13B1499B}.Release|Any CPU.ActiveCfg = Release|Any CPU
		{D22620D4-1553-4A20-8558-564A13B1499B}.Release|Any CPU.Build.0 = Release|Any CPU
		{E9C3322F-CE44-43D2-B6FB-7FC6C132A0F3}.Debug|Any CPU.ActiveCfg = Debug|Any CPU
		{E9C3322F-CE44-43D2-B6FB-7FC6C132A0F3}.Debug|Any CPU.Build.0 = Debug|Any CPU
		{E9C3322F-CE44-43D2-B6FB-7FC6C132A0F3}.Release|Any CPU.ActiveCfg = Release|Any CPU
		{E9C3322F-CE44-43D2-B6FB-7FC6C132A0F3}.Release|Any CPU.Build.0 = Release|Any CPU
		{68503348-1A2F-4FA1-8B8F-12319DC2799E}.Debug|Any CPU.ActiveCfg = Debug|Any CPU
		{68503348-1A2F-4FA1-8B8F-12319DC2799E}.Debug|Any CPU.Build.0 = Debug|Any CPU
		{68503348-1A2F-4FA1-8B8F-12319DC2799E}.Release|Any CPU.ActiveCfg = Release|Any CPU
		{68503348-1A2F-4FA1-8B8F-12319DC2799E}.Release|Any CPU.Build.0 = Release|Any CPU
		{D2EFA0ED-7571-4164-93C0-E39806B5DDB4}.Debug|Any CPU.ActiveCfg = Debug|Any CPU
		{D2EFA0ED-7571-4164-93C0-E39806B5DDB4}.Debug|Any CPU.Build.0 = Debug|Any CPU
		{D2EFA0ED-7571-4164-93C0-E39806B5DDB4}.Release|Any CPU.ActiveCfg = Release|Any CPU
		{D2EFA0ED-7571-4164-93C0-E39806B5DDB4}.Release|Any CPU.Build.0 = Release|Any CPU
		{9937BAA8-641C-4509-B593-202866C4269A}.Debug|Any CPU.ActiveCfg = Debug|Any CPU
		{9937BAA8-641C-4509-B593-202866C4269A}.Debug|Any CPU.Build.0 = Debug|Any CPU
		{9937BAA8-641C-4509-B593-202866C4269A}.Release|Any CPU.ActiveCfg = Release|Any CPU
		{9937BAA8-641C-4509-B593-202866C4269A}.Release|Any CPU.Build.0 = Release|Any CPU
		{76062319-4F5D-4055-9D1A-5680DD2DA882}.Debug|Any CPU.ActiveCfg = Debug|Any CPU
		{76062319-4F5D-4055-9D1A-5680DD2DA882}.Debug|Any CPU.Build.0 = Debug|Any CPU
		{76062319-4F5D-4055-9D1A-5680DD2DA882}.Release|Any CPU.ActiveCfg = Release|Any CPU
		{76062319-4F5D-4055-9D1A-5680DD2DA882}.Release|Any CPU.Build.0 = Release|Any CPU
		{9CBAEAFE-9265-47BA-82C5-5E0774CBF2C5}.Debug|Any CPU.ActiveCfg = Debug|Any CPU
		{9CBAEAFE-9265-47BA-82C5-5E0774CBF2C5}.Debug|Any CPU.Build.0 = Debug|Any CPU
		{9CBAEAFE-9265-47BA-82C5-5E0774CBF2C5}.Release|Any CPU.ActiveCfg = Release|Any CPU
		{9CBAEAFE-9265-47BA-82C5-5E0774CBF2C5}.Release|Any CPU.Build.0 = Release|Any CPU
	EndGlobalSection
	GlobalSection(SolutionProperties) = preSolution
		HideSolutionNode = FALSE
	EndGlobalSection
	GlobalSection(NestedProjects) = preSolution
		{E9C3322F-CE44-43D2-B6FB-7FC6C132A0F3} = {BA3D33A9-D040-42DF-A62D-C213CB6BE6F6}
		{4A486DE4-3D88-4965-9E41-1B97B22463AC} = {BA3D33A9-D040-42DF-A62D-C213CB6BE6F6}
		{68503348-1A2F-4FA1-8B8F-12319DC2799E} = {BA3D33A9-D040-42DF-A62D-C213CB6BE6F6}
		{D2EFA0ED-7571-4164-93C0-E39806B5DDB4} = {BA3D33A9-D040-42DF-A62D-C213CB6BE6F6}
		{9937BAA8-641C-4509-B593-202866C4269A} = {BA3D33A9-D040-42DF-A62D-C213CB6BE6F6}
		{D22620D4-1553-4A20-8558-564A13B1499B} = {D1A7CFCA-3B50-47F2-8919-AF62081D9E07}
		{76062319-4F5D-4055-9D1A-5680DD2DA882} = {7F9A501E-22BD-455F-B5EA-5BB7957D817C}
		{9CBAEAFE-9265-47BA-82C5-5E0774CBF2C5} = {7F9A501E-22BD-455F-B5EA-5BB7957D817C}
	EndGlobalSection
EndGlobal
